# This file is automatically @generated by Cargo.
# It is not intended for manual editing.
version = 4

[[package]]
name = "latticefoundry"
version = "0.0.0"
dependencies = [
 "puremp",
 "z3rs",
]

[[package]]
name = "puremp"
version = "0.2.1"
source = "registry+https://github.com/rust-lang/crates.io-index"
checksum = "900cf22152f546e9918c7b9dcd31d9601b70b2cec71f9dccc2119352daed15f9"

[[package]]
name = "z3rs"
version = "0.0.4"
source = "registry+https://github.com/rust-lang/crates.io-index"
checksum = "88548a3f43557aa06a3648ee59dae90333e123026e83ad9cf232a2011019f1c4"
dependencies = [
 "puremp",
]
